
Microsoft Visual Studio Solution File, Format Version 12.00
# Visual Studio Version 17
VisualStudioVersion = 17.0.31903.59
MinimumVisualStudioVersion = 10.0.40219.1
Project("{2150E333-8FDC-42A3-9474-1A3956D46DE8}") = "src", "src", "{827E0CD3-B72D-47B6-A68D-7590B98EB39B}"
EndProject
Project("{FAE04EC0-301F-11D3-BF4B-00C04F79EFBC}") = "SolidTraining.Common", "src\SolidTraining.Common\SolidTraining.Common.csproj", "{AB6E8B0C-5C08-4591-A0BB-B967AC42F0F1}"
EndProject
Project("{FAE04EC0-301F-11D3-BF4B-00C04F79EFBC}") = "SolidTraining.LSP", "src\SolidTraining.LSP\SolidTraining.LSP.csproj", "{BDB81BA3-C455-458C-95B2-0296767327FA}"
EndProject
Project("{FAE04EC0-301F-11D3-BF4B-00C04F79EFBC}") = "SolidTraining.ISP", "src\SolidTraining.ISP\SolidTraining.ISP.csproj", "{A9F04789-7B62-4077-8824-B9D823AC86EE}"
EndProject
Project("{2150E333-8FDC-42A3-9474-1A3956D46DE8}") = "tests", "tests", "{0AB3BF05-4346-4AA6-1389-037BE0695223}"
EndProject
Project("{FAE04EC0-301F-11D3-BF4B-00C04F79EFBC}") = "SolidTraining.LSP.Tests", "tests\SolidTraining.LSP.Tests\SolidTraining.LSP.Tests.csproj", "{0DA028E9-27C1-4582-8905-F82C0A3D224B}"
EndProject
Project("{FAE04EC0-301F-11D3-BF4B-00C04F79EFBC}") = "SolidTraining.ISP.Tests", "tests\SolidTraining.ISP.Tests\SolidTraining.ISP.Tests.csproj", "{5996F35D-F406-4C42-AECD-A0CA8CA3B854}"
EndProject
Global
	GlobalSection(SolutionConfigurationPlatforms) = preSolution
		Debug|Any CPU = Debug|Any CPU
		Debug|x64 = Debug|x64
		Debug|x86 = Debug|x86
		Release|Any CPU = Release|Any CPU
		Release|x64 = Release|x64
		Release|x86 = Release|x86
	EndGlobalSection
	GlobalSection(ProjectConfigurationPlatforms) = postSolution
		{AB6E8B0C-5C08-4591-A0BB-B967AC42F0F1}.Debug|Any CPU.ActiveCfg = Debug|Any CPU
		{AB6E8B0C-5C08-4591-A0BB-B967AC42F0F1}.Debug|Any CPU.Build.0 = Debug|Any CPU
		{AB6E8B0C-5C08-4591-A0BB-B967AC42F0F1}.Debug|x64.ActiveCfg = Debug|Any CPU
		{AB6E8B0C-5C08-4591-A0BB-B967AC42F0F1}.Debug|x64.Build.0 = Debug|Any CPU
		{AB6E8B0C-5C08-4591-A0BB-B967AC42F0F1}.Debug|x86.ActiveCfg = Debug|Any CPU
		{AB6E8B0C-5C08-4591-A0BB-B967AC42F0F1}.Debug|x86.Build.0 = Debug|Any CPU
		{AB6E8B0C-5C08-4591-A0BB-B967AC42F0F1}.Release|Any CPU.ActiveCfg = Release|Any CPU
		{AB6E8B0C-5C08-4591-A0BB-B967AC42F0F1}.Release|Any CPU.Build.0 = Release|Any CPU
		{AB6E8B0C-5C08-4591-A0BB-B967AC42F0F1}.Release|x64.ActiveCfg = Release|Any CPU
		{AB6E8B0C-5C08-4591-A0BB-B967AC42F0F1}.Release|x64.Build.0 = Release|Any CPU
		{AB6E8B0C-5C08-4591-A0BB-B967AC42F0F1}.Release|x86.ActiveCfg = Release|Any CPU
		{AB6E8B0C-5C08-4591-A0BB-B967AC42F0F1}.Release|x86.Build.0 = Release|Any CPU
		{BDB81BA3-C455-458C-95B2-0296767327FA}.Debug|Any CPU.ActiveCfg = Debug|Any CPU
		{BDB81BA3-C455-458C-95B2-0296767327FA}.Debug|Any CPU.Build.0 = Debug|Any CPU
		{BDB81BA3-C455-458C-95B2-0296767327FA}.Debug|x64.ActiveCfg = Debug|Any CPU
		{BDB81BA3-C455-458C-95B2-0296767327FA}.Debug|x64.Build.0 = Debug|Any CPU
		{BDB81BA3-C455-458C-95B2-0296767327FA}.Debug|x86.ActiveCfg = Debug|Any CPU
		{BDB81BA3-C455-458C-95B2-0296767327FA}.Debug|x86.Build.0 = Debug|Any CPU
		{BDB81BA3-C455-458C-95B2-0296767327FA}.Release|Any CPU.ActiveCfg = Release|Any CPU
		{BDB81BA3-C455-458C-95B2-0296767327FA}.Release|Any CPU.Build.0 = Release|Any CPU
		{BDB81BA3-C455-458C-95B2-0296767327FA}.Release|x64.ActiveCfg = Release|Any CPU
		{BDB81BA3-C455-458C-95B2-0296767327FA}.Release|x64.Build.0 = Release|Any CPU
		{BDB81BA3-C455-458C-95B2-0296767327FA}.Release|x86.ActiveCfg = Release|Any CPU
		{BDB81BA3-C455-458C-95B2-0296767327FA}.Release|x86.Build.0 = Release|Any CPU
		{A9F04789-7B62-4077-8824-B9D823AC86EE}.Debug|Any CPU.ActiveCfg = Debug|Any CPU
		{A9F04789-7B62-4077-8824-B9D823AC86EE}.Debug|Any CPU.Build.0 = Debug|Any CPU
		{A9F04789-7B62-4077-8824-B9D823AC86EE}.Debug|x64.ActiveCfg = Debug|Any CPU
		{A9F04789-7B62-4077-8824-B9D823AC86EE}.Debug|x64.Build.0 = Debug|Any CPU
		{A9F04789-7B62-4077-8824-B9D823AC86EE}.Debug|x86.ActiveCfg = Debug|Any CPU
		{A9F04789-7B62-4077-8824-B9D823AC86EE}.Debug|x86.Build.0 = Debug|Any CPU
		{A9F04789-7B62-4077-8824-B9D823AC86EE}.Release|Any CPU.ActiveCfg = Release|Any CPU
		{A9F04789-7B62-4077-8824-B9D823AC86EE}.Release|Any CPU.Build.0 = Release|Any CPU
		{A9F04789-7B62-4077-8824-B9D823AC86EE}.Release|x64.ActiveCfg = Release|Any CPU
		{A9F04789-7B62-4077-8824-B9D823AC86EE}.Release|x64.Build.0 = Release|Any CPU
		{A9F04789-7B62-4077-8824-B9D823AC86EE}.Release|x86.ActiveCfg = Release|Any CPU
		{A9F04789-7B62-4077-8824-B9D823AC86EE}.Release|x86.Build.0 = Release|Any CPU
		{0DA028E9-27C1-4582-8905-F82C0A3D224B}.Debug|Any CPU.ActiveCfg = Debug|Any CPU
		{0DA028E9-27C1-4582-8905-F82C0A3D224B}.Debug|Any CPU.Build.0 = Debug|Any CPU
		{0DA028E9-27C1-4582-8905-F82C0A3D224B}.Debug|x64.ActiveCfg = Debug|Any CPU
		{0DA028E9-27C1-4582-8905-F82C0A3D224B}.Debug|x64.Build.0 = Debug|Any CPU
		{0DA028E9-27C1-4582-8905-F82C0A3D224B}.Debug|x86.ActiveCfg = Debug|Any CPU
		{0DA028E9-27C1-4582-8905-F82C0A3D224B}.Debug|x86.Build.0 = Debug|Any CPU
		{0DA028E9-27C1-4582-8905-F82C0A3D224B}.Release|Any CPU.ActiveCfg = Release|Any CPU
		{0DA028E9-27C1-4582-8905-F82C0A3D224B}.Release|Any CPU.Build.0 = Release|Any CPU
		{0DA028E9-27C1-4582-8905-F82C0A3D224B}.Release|x64.ActiveCfg = Release|Any CPU
		{0DA028E9-27C1-4582-8905-F82C0A3D224B}.Release|x64.Build.0 = Release|Any CPU
		{0DA028E9-27C1-4582-8905-F82C0A3D224B}.Release|x86.ActiveCfg = Release|Any CPU
		{0DA028E9-27C1-4582-8905-F82C0A3D224B}.Release|x86.Build.0 = Release|Any CPU
		{5996F35D-F406-4C42-AECD-A0CA8CA3B854}.Debug|Any CPU.ActiveCfg = Debug|Any CPU
		{5996F35D-F406-4C42-AECD-A0CA8CA3B854}.Debug|Any CPU.Build.0 = Debug|Any CPU
		{5996F35D-F406-4C42-AECD-A0CA8CA3B854}.Debug|x64.ActiveCfg = Debug|Any CPU
		{5996F35D-F406-4C42-AECD-A0CA8CA3B854}.Debug|x64.Build.0 = Debug|Any CPU
		{5996F35D-F406-4C42-AECD-A0CA8CA3B854}.Debug|x86.ActiveCfg = Debug|Any CPU
		{5996F35D-F406-4C42-AECD-A0CA8CA3B854}.Debug|x86.Build.0 = Debug|Any CPU
		{5996F35D-F406-4C42-AECD-A0CA8CA3B854}.Release|Any CPU.ActiveCfg = Release|Any CPU
		{5996F35D-F406-4C42-AECD-A0CA8CA3B854}.Release|Any CPU.Build.0 = Release|Any CPU
		{5996F35D-F406-4C42-AECD-A0CA8CA3B854}.Release|x64.ActiveCfg = Release|Any CPU
		{5996F35D-F406-4C42-AECD-A0CA8CA3B854}.Release|x64.Build.0 = Release|Any CPU
		{5996F35D-F406-4C42-AECD-A0CA8CA3B854}.Release|x86.ActiveCfg = Release|Any CPU
		{5996F35D-F406-4C42-AECD-A0CA8CA3B854}.Release|x86.Build.0 = Release|Any CPU
	EndGlobalSection
	GlobalSection(SolutionProperties) = preSolution
		HideSolutionNode = FALSE
	EndGlobalSection
	GlobalSection(NestedProjects) = preSolution
		{AB6E8B0C-5C08-4591-A0BB-B967AC42F0F1} = {827E0CD3-B72D-47B6-A68D-7590B98EB39B}
		{BDB81BA3-C455-458C-95B2-0296767327FA} = {827E0CD3-B72D-47B6-A68D-7590B98EB39B}
		{A9F04789-7B62-4077-8824-B9D823AC86EE} = {827E0CD3-B72D-47B6-A68D-7590B98EB39B}
		{0DA028E9-27C1-4582-8905-F82C0A3D224B} = {0AB3BF05-4346-4AA6-1389-037BE0695223}
		{5996F35D-F406-4C42-AECD-A0CA8CA3B854} = {0AB3BF05-4346-4AA6-1389-037BE0695223}
	EndGlobalSection
EndGlobal
